Microsoft Visual Studio Solution File, Format Version 12.00
# Visual Studio Version 17
VisualStudioVersion = 17.11.35222.181
MinimumVisualStudioVersion = 10.0.40219.1
Project("{FAE04EC0-301F-11D3-BF4B-00C04F79EFBC}") = "annotation.AppHost", "annotation.AppHost\annotation.AppHost.csproj", "{4668C3B8-6802-4DF8-A279-4C8F7FC47F0C}"
EndProject
Project("{9A19103F-16F7-4668-BE54-9A1E7A4F7556}") = "annotation.ServiceDefaults", "annotation.ServiceDefaults\annotation.ServiceDefaults.csproj", "{AEE13E96-E746-48ED-81FD-6BB4C2EF3F32}"
EndProject
Project("{9A19103F-16F7-4668-BE54-9A1E7A4F7556}") = "annotation.Api", "annotation.Api\annotation.Api.csproj", "{94BA356D-2B9D-45C3-9481-847E35B38318}"
EndProject
Global
	GlobalSection(SolutionConfigurationPlatforms) = preSolution
		Debug|Any CPU = Debug|Any CPU
		Release|Any CPU = Release|Any CPU
	EndGlobalSection
	GlobalSection(ProjectConfigurationPlatforms) = postSolution
		{4668C3B8-6802-4DF8-A279-4C8F7FC47F0C}.Debug|Any CPU.ActiveCfg = Debug|Any CPU
		{4668C3B8-6802-4DF8-A279-4C8F7FC47F0C}.Debug|Any CPU.Build.0 = Debug|Any CPU
		{4668C3B8-6802-4DF8-A279-4C8F7FC47F0C}.Release|Any CPU.ActiveCfg = Release|Any CPU
		{4668C3B8-6802-4DF8-A279-4C8F7FC47F0C}.Release|Any CPU.Build.0 = Release|Any CPU
		{AEE13E96-E746-48ED-81FD-6BB4C2EF3F32}.Debug|Any CPU.ActiveCfg = Debug|Any CPU
		{AEE13E96-E746-48ED-81FD-6BB4C2EF3F32}.Debug|Any CPU.Build.0 = Debug|Any CPU
		{AEE13E96-E746-48ED-81FD-6BB4C2EF3F32}.Release|Any CPU.ActiveCfg = Release|Any CPU
		{AEE13E96-E746-48ED-81FD-6BB4C2EF3F32}.Release|Any CPU.Build.0 = Release|Any CPU
		{94BA356D-2B9D-45C3-9481-847E35B38318}.Debug|Any CPU.ActiveCfg = Debug|Any CPU
		{94BA356D-2B9D-45C3-9481-847E35B38318}.Debug|Any CPU.Build.0 = Debug|Any CPU
		{94BA356D-2B9D-45C3-9481-847E35B38318}.Release|Any CPU.ActiveCfg = Release|Any CPU
		{94BA356D-2B9D-45C3-9481-847E35B38318}.Release|Any CPU.Build.0 = Release|Any CPU
	EndGlobalSection
	GlobalSection(SolutionProperties) = preSolution
		HideSolutionNode = FALSE
	EndGlobalSection
	GlobalSection(ExtensibilityGlobals) = postSolution
		SolutionGuid = {E7235F55-0BFD-4956-89F5-2CE97FE46601}
	EndGlobalSection
EndGlobal
